// !$*UTF8*$!
{
	archiveVersion = 1;
	classes = {
	};
	objectVersion = 77;
	objects = {

/* Begin PBXContainerItemProxy section */
		1C831D182E0B661B00E8F29F /* PBXContainerItemProxy */ = {
			isa = PBXContainerItemProxy;
			containerPortal = 1C831CFD2E0B661A00E8F29F /* Project object */;
			proxyType = 1;
			remoteGlobalIDString = 1C831D042E0B661A00E8F29F;
			remoteInfo = StockJournal;
		};
		1C831D222E0B661B00E8F29F /* PBXContainerItemProxy */ = {
			isa = PBXContainerItemProxy;
			containerPortal = 1C831CFD2E0B661A00E8F29F /* Project object */;
			proxyType = 1;
			remoteGlobalIDString = 1C831D042E0B661A00E8F29F;
			remoteInfo = StockJournal;
		};
/* End PBXContainerItemProxy section */

/* Begin PBXFileReference section */
		1C831D052E0B661A00E8F29F /* StockJournal.app */ = {isa = PBXFileReference; explicitFileType = wrapper.application; includeInIndex = 0; path = StockJournal.app; sourceTree = BUILT_PRODUCTS_DIR; };
		1C831D172E0B661B00E8F29F /* StockJournalTests.xctest */ = {isa = PBXFileReference; explicitFileType = wrapper.cfbundle; includeInIndex = 0; path = StockJournalTests.xctest; sourceTree = BUILT_PRODUCTS_DIR; };
		1C831D212E0B661B00E8F29F /* StockJournalUITests.xctest */ = {isa = PBXFileReference; explicitFileType = wrapper.cfbundle; includeInIndex = 0; path = StockJournalUITests.xctest; sourceTree = BUILT_PRODUCTS_DIR; };
/* End PBXFileReference section */

/* Begin PBXFileSystemSynchronizedRootGroup section */
		1C831D072E0B661A00E8F29F /* StockJournal */ = {
			isa = PBXFileSystemSynchronizedRootGroup;
			path = StockJournal;
			sourceTree = "<group>";
		};
		1C831D1A2E0B661B00E8F29F /* StockJournalTests */ = {
			isa = PBXFileSystemSynchronizedRootGroup;
			path = StockJournalTests;
			sourceTree = "<group>";
		};
		1C831D242E0B661B00E8F29F /* StockJournalUITests */ = {
			isa = PBXFileSystemSynchronizedRootGroup;
			path = StockJournalUITests;
			sourceTree = "<group>";
		};
/* End PBXFileSystemSynchronizedRootGroup section */

/* Begin PBXFrameworksBuildPhase section */
		1C831D022E0B661A00E8F29F /* Frameworks */ = {
			isa = PBXFrameworksBuildPhase;
			buildActionMask = 2147483647;
			files = (
			);
			runOnlyForDeploymentPostprocessing = 0;
		};
		1C831D142E0B661B00E8F29F /* Frameworks */ = {
			isa = PBXFrameworksBuildPhase;
			buildActionMask = 2147483647;
			files = (
			);
			runOnlyForDeploymentPostprocessing = 0;
		};
		1C831D1E2E0B661B00E8F29F /* Frameworks */ = {
			isa = PBXFrameworksBuildPhase;
			buildActionMask = 2147483647;
			files = (
			);
			runOnlyForDeploymentPostprocessing = 0;
		};
/* End PBXFrameworksBuildPhase section */

/* Begin PBXGroup section */
		1C831CFC2E0B661A00E8F29F = {
			isa = PBXGroup;
			children = (
				1C831D072E0B661A00E8F29F /* StockJournal */,
				1C831D1A2E0B661B00E8F29F /* StockJournalTests */,
				1C831D242E0B661B00E8F29F /* StockJournalUITests */,
				1C831D062E0B661A00E8F29F /* Products */,
			);
			sourceTree = "<group>";
		};
		1C831D062E0B661A00E8F29F /* Products */ = {
			isa = PBXGroup;
			children = (
				1C831D052E0B661A00E8F29F /* StockJournal.app */,
				1C831D172E0B661B00E8F29F /* StockJournalTests.xctest */,
				1C831D212E0B661B00E8F29F /* StockJournalUITests.xctest */,
			);
			name = Products;
			sourceTree = "<group>";
		};
/* End PBXGroup section */

/* Begin PBXNativeTarget section */
		1C831D042E0B661A00E8F29F /* StockJournal */ = {
			isa = PBXNativeTarget;
			buildConfigurationList = 1C831D2B2E0B661B00E8F29F /* Build configuration list for PBXNativeTarget "StockJournal" */;
			buildPhases = (
				1C831D012E0B661A00E8F29F /* Sources */,
				1C831D022E0B661A00E8F29F /* Frameworks */,
				1C831D032E0B661A00E8F29F /* Resources */,
			);
			buildRules = (
			);
			dependencies = (
			);
			fileSystemSynchronizedGroups = (
				1C831D072E0B661A00E8F29F /* StockJournal */,
			);
			name = StockJournal;
			packageProductDependencies = (
			);
			productName = StockJournal;
			productReference = 1C831D052E0B661A00E8F29F /* StockJournal.app */;
			productType = "com.apple.product-type.application";
		};
		1C831D162E0B661B00E8F29F /* StockJournalTests */ = {
			isa = PBXNativeTarget;
			buildConfigurationList = 1C831D2E2E0B661B00E8F29F /* Build configuration list for PBXNativeTarget "StockJournalTests" */;
			buildPhases = (
				1C831D132E0B661B00E8F29F /* Sources */,
				1C831D142E0B661B00E8F29F /* Frameworks */,
				1C831D152E0B661B00E8F29F /* Resources */,
			);
			buildRules = (
			);
			dependencies = (
				1C831D192E0B661B00E8F29F /* PBXTargetDependency */,
			);
			fileSystemSynchronizedGroups = (
				1C831D1A2E0B661B00E8F29F /* StockJournalTests */,
			);
			name = StockJournalTests;
			packageProductDependencies = (
			);
			productName = StockJournalTests;
			productReference = 1C831D172E0B661B00E8F29F /* StockJournalTests.xctest */;
			productType = "com.apple.product-type.bundle.unit-test";
		};
		1C831D202E0B661B00E8F29F /* StockJournalUITests */ = {
			isa = PBXNativeTarget;
			buildConfigurationList = 1C831D312E0B661B00E8F29F /* Build configuration list for PBXNativeTarget "StockJournalUITests" */;
			buildPhases = (
				1C831D1D2E0B661B00E8F29F /* Sources */,
				1C831D1E2E0B661B00E8F29F /* Frameworks */,
				1C831D1F2E0B661B00E8F29F /* Resources */,
			);
			buildRules = (
			);
			dependencies = (
				1C831D232E0B661B00E8F29F /* PBXTargetDependency */,
			);
			fileSystemSynchronizedGroups = (
				1C831D242E0B661B00E8F29F /* StockJournalUITests */,
			);
			name = StockJournalUITests;
			packageProductDependencies = (
			);
			productName = StockJournalUITests;
			productReference = 1C831D212E0B661B00E8F29F /* StockJournalUITests.xctest */;
			productType = "com.apple.product-type.bundle.ui-testing";
		};
/* End PBXNativeTarget section */

/* Begin PBXProject section */
		1C831CFD2E0B661A00E8F29F /* Project object */ = {
			isa = PBXProject;
			attributes = {
				BuildIndependentTargetsInParallel = 1;
				LastSwiftUpdateCheck = 1630;
				LastUpgradeCheck = 1630;
				TargetAttributes = {
					1C831D042E0B661A00E8F29F = {
						CreatedOnToolsVersion = 16.3;
					};
					1C831D162E0B661B00E8F29F = {
						CreatedOnToolsVersion = 16.3;
						TestTargetID = 1C831D042E0B661A00E8F29F;
					};
					1C831D202E0B661B00E8F29F = {
						CreatedOnToolsVersion = 16.3;
						TestTargetID = 1C831D042E0B661A00E8F29F;
					};
				};
			};
			buildConfigurationList = 1C831D002E0B661A00E8F29F /* Build configuration list for PBXProject "StockJournal" */;
			developmentRegion = en;
			hasScannedForEncodings = 0;
			knownRegions = (
				en,
				Base,
			);
			mainGroup = 1C831CFC2E0B661A00E8F29F;
			minimizedProjectReferenceProxies = 1;
			preferredProjectObjectVersion = 77;
			productRefGroup = 1C831D062E0B661A00E8F29F /* Products */;
			projectDirPath = "";
			projectRoot = "";
			targets = (
				1C831D042E0B661A00E8F29F /* StockJournal */,
				1C831D162E0B661B00E8F29F /* StockJournalTests */,
				1C831D202E0B661B00E8F29F /* StockJournalUITests */,
			);
		};
/* End PBXProject section */

/* Begin PBXResourcesBuildPhase section */
		1C831D032E0B661A00E8F29F /* Resources */ = {
			isa = PBXResourcesBuildPhase;
			buildActionMask = 2147483647;
			files = (
			);
			runOnlyForDeploymentPostprocessing = 0;
		};
		1C831D152E0B661B00E8F29F /* Resources */ = {
			isa = PBXResourcesBuildPhase;
			buildActionMask = 2147483647;
			files = (
			);
			runOnlyForDeploymentPostprocessing = 0;
		};
		1C831D1F2E0B661B00E8F29F /* Resources */ = {
			isa = PBXResourcesBuildPhase;
			buildActionMask = 2147483647;
			files = (
			);
			runOnlyForDeploymentPostprocessing = 0;
		};
/* End PBXResourcesBuildPhase section */

/* Begin PBXSourcesBuildPhase section */
		1C831D012E0B661A00E8F29F /* Sources */ = {
			isa = PBXSourcesBuildPhase;
			buildActionMask = 2147483647;
			files = (
			);
			runOnlyForDeploymentPostprocessing = 0;
		};
		1C831D132E0B661B00E8F29F /* Sources */ = {
			isa = PBXSourcesBuildPhase;
			buildActionMask = 2147483647;
			files = (
			);
			runOnlyForDeploymentPostprocessing = 0;
		};
		1C831D1D2E0B661B00E8F29F /* Sources */ = {
			isa = PBXSourcesBuildPhase;
			buildActionMask = 2147483647;
			files = (
			);
			runOnlyForDeploymentPostprocessing = 0;
		};
/* End PBXSourcesBuildPhase section */

/* Begin PBXTargetDependency section */
		1C831D192E0B661B00E8F29F /* PBXTargetDependency */ = {
			isa = PBXTargetDependency;
			target = 1C831D042E0B661A00E8F29F /* StockJournal */;
			targetProxy = 1C831D182E0B661B00E8F29F /* PBXContainerItemProxy */;
		};
		1C831D232E0B661B00E8F29F /* PBXTargetDependency */ = {
			isa = PBXTargetDependency;
			target = 1C831D042E0B661A00E8F29F /* StockJournal */;
			targetProxy = 1C831D222E0B661B00E8F29F /* PBXContainerItemProxy */;
		};
/* End PBXTargetDependency section */

/* Begin XCBuildConfiguration section */
		1C831D292E0B661B00E8F29F /* Debug */ = {
			isa = XCBuildConfiguration;
			buildSettings = {
				ALWAYS_SEARCH_USER_PATHS = NO;
				ASSETCATALOG_COMPILER_GENERATE_SWIFT_ASSET_SYMBOL_EXTENSIONS = YES;
				CLANG_ANALYZER_NONNULL = YES;
				CLANG_ANALYZER_NUMBER_OBJECT_CONVERSION = YES_AGGRESSIVE;
				CLANG_CXX_LANGUAGE_STANDARD = "gnu++20";
				CLANG_ENABLE_MODULES = YES;
				CLANG_ENABLE_OBJC_ARC = YES;
				CLANG_ENABLE_OBJC_WEAK = YES;
				CLANG_WARN_BLOCK_CAPTURE_AUTORELEASING = YES;
				CLANG_WARN_BOOL_CONVERSION = YES;
				CLANG_WARN_COMMA = YES;
				CLANG_WARN_CONSTANT_CONVERSION = YES;
				CLANG_WARN_DEPRECATED_OBJC_IMPLEMENTATIONS = YES;
				CLANG_WARN_DIRECT_OBJC_ISA_USAGE = YES_ERROR;
				CLANG_WARN_DOCUMENTATION_COMMENTS = YES;
				CLANG_WARN_EMPTY_BODY = YES;
				CLANG_WARN_ENUM_CONVERSION = YES;
				CLANG_WARN_INFINITE_RECURSION = YES;
				CLANG_WARN_INT_CONVERSION = YES;
				CLANG_WARN_NON_LITERAL_NULL_CONVERSION = YES;
				CLANG_WARN_OBJC_IMPLICIT_RETAIN_SELF = YES;
				CLANG_WARN_OBJC_LITERAL_CONVERSION = YES;
				CLANG_WARN_OBJC_ROOT_CLASS = YES_ERROR;
				CLANG_WARN_QUOTED_INCLUDE_IN_FRAMEWORK_HEADER = YES;
				CLANG_WARN_RANGE_LOOP_ANALYSIS = YES;
				CLANG_WARN_STRICT_PROTOTYPES = YES;
				CLANG_WARN_SUSPICIOUS_MOVE = YES;
				CLANG_WARN_UNGUARDED_AVAILABILITY = YES_AGGRESSIVE;
				CLANG_WARN_UNREACHABLE_CODE = YES;
				CLANG_WARN__DUPLICATE_METHOD_MATCH = YES;
				COPY_PHASE_STRIP = NO;
				DEBUG_INFORMATION_FORMAT = dwarf;
				ENABLE_STRICT_OBJC_MSGSEND = YES;
				ENABLE_TESTABILITY = YES;
				ENABLE_USER_SCRIPT_SANDBOXING = YES;
				GCC_C_LANGUAGE_STANDARD = gnu17;
				GCC_DYNAMIC_NO_PIC = NO;
				GCC_NO_COMMON_BLOCKS = YES;
				GCC_OPTIMIZATION_LEVEL = 0;
				GCC_PREPROCESSOR_DEFINITIONS = (
					"DEBUG=1",
					"$(inherited)",
				);
				GCC_WARN_64_TO_32_BIT_CONVERSION = YES;
				GCC_WARN_ABOUT_RETURN_TYPE = YES_ERROR;
				GCC_WARN_UNDECLARED_SELECTOR = YES;
				GCC_WARN_UNINITIALIZED_AUTOS = YES_AGGRESSIVE;
				GCC_WARN_UNUSED_FUNCTION = YES;
				GCC_WARN_UNUSED_VARIABLE = YES;
				IPHONEOS_DEPLOYMENT_TARGET = 18.4;
				LOCALIZATION_PREFERS_STRING_CATALOGS = YES;
				MTL_ENABLE_DEBUG_INFO = INCLUDE_SOURCE;
				MTL_FAST_MATH = YES;
				ONLY_ACTIVE_ARCH = YES;
				SDKROOT = iphoneos;
				SWIFT_ACTIVE_COMPILATION_CONDITIONS = "DEBUG $(inherited)";
				SWIFT_OPTIMIZATION_LEVEL = "-Onone";
			};
			name = Debug;
		};
		1C831D2A2E0B661B00E8F29F /* Release */ = {
			isa = XCBuildConfiguration;
			buildSettings = {
				ALWAYS_SEARCH_USER_PATHS = NO;
				ASSETCATALOG_COMPILER_GENERATE_SWIFT_ASSET_SYMBOL_EXTENSIONS = YES;
				CLANG_ANALYZER_NONNULL = YES;
				CLANG_ANALYZER_NUMBER_OBJECT_CONVERSION = YES_AGGRESSIVE;
				CLANG_CXX_LANGUAGE_STANDARD = "gnu++20";
				CLANG_ENABLE_MODULES = YES;
				CLANG_ENABLE_OBJC_ARC = YES;
				CLANG_ENABLE_OBJC_WEAK = YES;
				CLANG_WARN_BLOCK_CAPTURE_AUTORELEASING = YES;
				CLANG_WARN_BOOL_CONVERSION = YES;
				CLANG_WARN_COMMA = YES;
				CLANG_WARN_CONSTANT_CONVERSION = YES;
				CLANG_WARN_DEPRECATED_OBJC_IMPLEMENTATIONS = YES;
				CLANG_WARN_DIRECT_OBJC_ISA_USAGE = YES_ERROR;
				CLANG_WARN_DOCUMENTATION_COMMENTS = YES;
				CLANG_WARN_EMPTY_BODY = YES;
				CLANG_WARN_ENUM_CONVERSION = YES;
				CLANG_WARN_INFINITE_RECURSION = YES;
				CLANG_WARN_INT_CONVERSION = YES;
				CLANG_WARN_NON_LITERAL_NULL_CONVERSION = YES;
				CLANG_WARN_OBJC_IMPLICIT_RETAIN_SELF = YES;
				CLANG_WARN_OBJC_LITERAL_CONVERSION = YES;
				CLANG_WARN_OBJC_ROOT_CLASS = YES_ERROR;
				CLANG_WARN_QUOTED_INCLUDE_IN_FRAMEWORK_HEADER = YES;
				CLANG_WARN_RANGE_LOOP_ANALYSIS = YES;
				CLANG_WARN_STRICT_PROTOTYPES = YES;
				CLANG_WARN_SUSPICIOUS_MOVE = YES;
				CLANG_WARN_UNGUARDED_AVAILABILITY = YES_AGGRESSIVE;
				CLANG_WARN_UNREACHABLE_CODE = YES;
				CLANG_WARN__DUPLICATE_METHOD_MATCH = YES;
				COPY_PHASE_STRIP = NO;
				DEBUG_INFORMATION_FORMAT = "dwarf-with-dsym";
				ENABLE_NS_ASSERTIONS = NO;
				ENABLE_STRICT_OBJC_MSGSEND = YES;
				ENABLE_USER_SCRIPT_SANDBOXING = YES;
				GCC_C_LANGUAGE_STANDARD = gnu17;
				GCC_NO_COMMON_BLOCKS = YES;
				GCC_WARN_64_TO_32_BIT_CONVERSION = YES;
				GCC_WARN_ABOUT_RETURN_TYPE = YES_ERROR;
				GCC_WARN_UNDECLARED_SELECTOR = YES;
				GCC_WARN_UNINITIALIZED_AUTOS = YES_AGGRESSIVE;
				GCC_WARN_UNUSED_FUNCTION = YES;
				GCC_WARN_UNUSED_VARIABLE = YES;
				IPHONEOS_DEPLOYMENT_TARGET = 18.4;
				LOCALIZATION_PREFERS_STRING_CATALOGS = YES;
				MTL_ENABLE_DEBUG_INFO = NO;
				MTL_FAST_MATH = YES;
				SDKROOT = iphoneos;
				SWIFT_COMPILATION_MODE = wholemodule;
				VALIDATE_PRODUCT = YES;
			};
			name = Release;
		};
		1C831D2C2E0B661B00E8F29F /* Debug */ = {
			isa = XCBuildConfiguration;
			buildSettings = {
				ASSETCATALOG_COMPILER_APPICON_NAME = AppIcon;
				ASSETCATALOG_COMPILER_GLOBAL_ACCENT_COLOR_NAME = AccentColor;
				CODE_SIGN_STYLE = Automatic;
				CURRENT_PROJECT_VERSION = 1;
				DEVELOPMENT_TEAM = 7X42A3GCG2;
				ENABLE_PREVIEWS = YES;
				GENERATE_INFOPLIST_FILE = YES;
				INFOPLIST_KEY_UIApplicationSceneManifest_Generation = YES;
				INFOPLIST_KEY_UIApplicationSupportsIndirectInputEvents = YES;
				INFOPLIST_KEY_UILaunchScreen_Generation = YES;
				INFOPLIST_KEY_UISupportedInterfaceOrientations_iPad = "UIInterfaceOrientationPortrait UIInterfaceOrientationPortraitUpsideDown UIInterfaceOrientationLandscapeLeft UIInterfaceOrientationLandscapeRight";
				INFOPLIST_KEY_UISupportedInterfaceOrientations_iPhone = "UIInterfaceOrientationPortrait UIInterfaceOrientationLandscapeLeft UIInterfaceOrientationLandscapeRight";
				LD_RUNPATH_SEARCH_PATHS = (
					"$(inherited)",
					"@executable_path/Frameworks",
				);
				MARKETING_VERSION = 1.0;
				PRODUCT_BUNDLE_IDENTIFIER = Weaver.StockJournal;
				PRODUCT_NAME = "$(TARGET_NAME)";
				SWIFT_EMIT_LOC_STRINGS = YES;
				SWIFT_VERSION = 5.0;
				TARGETED_DEVICE_FAMILY = "1,2";
			};
			name = Debug;
		};
		1C831D2D2E0B661B00E8F29F /* Release */ = {
			isa = XCBuildConfiguration;
			buildSettings = {
				ASSETCATALOG_COMPILER_APPICON_NAME = AppIcon;
				ASSETCATALOG_COMPILER_GLOBAL_ACCENT_COLOR_NAME = AccentColor;
				CODE_SIGN_STYLE = Automatic;
				CURRENT_PROJECT_VERSION = 1;
				DEVELOPMENT_TEAM = 7X42A3GCG2;
				ENABLE_PREVIEWS = YES;
				GENERATE_INFOPLIST_FILE = YES;
				INFOPLIST_KEY_UIApplicationSceneManifest_Generation = YES;
				INFOPLIST_KEY_UIApplicationSupportsIndirectInputEvents = YES;
				INFOPLIST_KEY_UILaunchScreen_Generation = YES;
				INFOPLIST_KEY_UISupportedInterfaceOrientations_iPad = "UIInterfaceOrientationPortrait UIInterfaceOrientationPortraitUpsideDown UIInterfaceOrientationLandscapeLeft UIInterfaceOrientationLandscapeRight";
				INFOPLIST_KEY_UISupportedInterfaceOrientations_iPhone = "UIInterfaceOrientationPortrait UIInterfaceOrientationLandscapeLeft UIInterfaceOrientationLandscapeRight";
				LD_RUNPATH_SEARCH_PATHS = (
					"$(inherited)",
					"@executable_path/Frameworks",
				);
				MARKETING_VERSION = 1.0;
				PRODUCT_BUNDLE_IDENTIFIER = Weaver.StockJournal;
				PRODUCT_NAME = "$(TARGET_NAME)";
				SWIFT_EMIT_LOC_STRINGS = YES;
				SWIFT_VERSION = 5.0;
				TARGETED_DEVICE_FAMILY = "1,2";
			};
			name = Release;
		};
		1C831D2F2E0B661B00E8F29F /* Debug */ = {
			isa = XCBuildConfiguration;
			buildSettings = {
				BUNDLE_LOADER = "$(TEST_HOST)";
				CODE_SIGN_STYLE = Automatic;
				CURRENT_PROJECT_VERSION = 1;
				GENERATE_INFOPLIST_FILE = YES;
				IPHONEOS_DEPLOYMENT_TARGET = 18.4;
				MARKETING_VERSION = 1.0;
				PRODUCT_BUNDLE_IDENTIFIER = Weaver.StockJournalTests;
				PRODUCT_NAME = "$(TARGET_NAME)";
				SWIFT_EMIT_LOC_STRINGS = NO;
				SWIFT_VERSION = 5.0;
				TARGETED_DEVICE_FAMILY = "1,2";
				TEST_HOST = "$(BUILT_PRODUCTS_DIR)/StockJournal.app/$(BUNDLE_EXECUTABLE_FOLDER_PATH)/StockJournal";
			};
			name = Debug;
		};
		1C831D302E0B661B00E8F29F /* Release */ = {
			isa = XCBuildConfiguration;
			buildSettings = {
				BUNDLE_LOADER = "$(TEST_HOST)";
				CODE_SIGN_STYLE = Automatic;
				CURRENT_PROJECT_VERSION = 1;
				GENERATE_INFOPLIST_FILE = YES;
				IPHONEOS_DEPLOYMENT_TARGET = 18.4;
				MARKETING_VERSION = 1.0;
				PRODUCT_BUNDLE_IDENTIFIER = Weaver.StockJournalTests;
				PRODUCT_NAME = "$(TARGET_NAME)";
				SWIFT_EMIT_LOC_STRINGS = NO;
				SWIFT_VERSION = 5.0;
				TARGETED_DEVICE_FAMILY = "1,2";
				TEST_HOST = "$(BUILT_PRODUCTS_DIR)/StockJournal.app/$(BUNDLE_EXECUTABLE_FOLDER_PATH)/StockJournal";
			};
			name = Release;
		};
		1C831D322E0B661B00E8F29F /* Debug */ = {
			isa = XCBuildConfiguration;
			buildSettings = {
				CODE_SIGN_STYLE = Automatic;
				CURRENT_PROJECT_VERSION = 1;
				GENERATE_INFOPLIST_FILE = YES;
				MARKETING_VERSION = 1.0;
				PRODUCT_BUNDLE_IDENTIFIER = Weaver.StockJournalUITests;
				PRODUCT_NAME = "$(TARGET_NAME)";
				SWIFT_EMIT_LOC_STRINGS = NO;
				SWIFT_VERSION = 5.0;
				TARGETED_DEVICE_FAMILY = "1,2";
				TEST_TARGET_NAME = StockJournal;
			};
			name = Debug;
		};
		1C831D332E0B661B00E8F29F /* Release */ = {
			isa = XCBuildConfiguration;
			buildSettings = {
				CODE_SIGN_STYLE = Automatic;
				CURRENT_PROJECT_VERSION = 1;
				GENERATE_INFOPLIST_FILE = YES;
				MARKETING_VERSION = 1.0;
				PRODUCT_BUNDLE_IDENTIFIER = Weaver.StockJournalUITests;
				PRODUCT_NAME = "$(TARGET_NAME)";
				SWIFT_EMIT_LOC_STRINGS = NO;
				SWIFT_VERSION = 5.0;
				TARGETED_DEVICE_FAMILY = "1,2";
				TEST_TARGET_NAME = StockJournal;
			};
			name = Release;
		};
/* End XCBuildConfiguration section */

/* Begin XCConfigurationList section */
		1C831D002E0B661A00E8F29F /* Build configuration list for PBXProject "StockJournal" */ = {
			isa = XCConfigurationList;
			buildConfigurations = (
				1C831D292E0B661B00E8F29F /* Debug */,
				1C831D2A2E0B661B00E8F29F /* Release */,
			);
			defaultConfigurationIsVisible = 0;
			defaultConfigurationName = Release;
		};
		1C831D2B2E0B661B00E8F29F /* Build configuration list for PBXNativeTarget "StockJournal" */ = {
			isa = XCConfigurationList;
			buildConfigurations = (
				1C831D2C2E0B661B00E8F29F /* Debug */,
				1C831D2D2E0B661B00E8F29F /* Release */,
			);
			defaultConfigurationIsVisible = 0;
			defaultConfigurationName = Release;
		};
		1C831D2E2E0B661B00E8F29F /* Build configuration list for PBXNativeTarget "StockJournalTests" */ = {
			isa = XCConfigurationList;
			buildConfigurations = (
				1C831D2F2E0B661B00E8F29F /* Debug */,
				1C831D302E0B661B00E8F29F /* Release */,
			);
			defaultConfigurationIsVisible = 0;
			defaultConfigurationName = Release;
		};
		1C831D312E0B661B00E8F29F /* Build configuration list for PBXNativeTarget "StockJournalUITests" */ = {
			isa = XCConfigurationList;
			buildConfigurations = (
				1C831D322E0B661B00E8F29F /* Debug */,
				1C831D332E0B661B00E8F29F /* Release */,
			);
			defaultConfigurationIsVisible = 0;
			defaultConfigurationName = Release;
		};
/* End XCConfigurationList section */
	};
	rootObject = 1C831CFD2E0B661A00E8F29F /* Project object */;
}
